// !$*UTF8*$!
{
	archiveVersion = 1;
	classes = {
	};
	objectVersion = 50;
	objects = {

/* Begin PBXBuildFile section */
		5E20707B2184EA1A0084911F /* AppDelegate.swift in Sources */ = {isa = PBXBuildFile; fileRef = 5E20707A2184EA1A0084911F /* AppDelegate.swift */; };
		5E2070822184EA1B0084911F /* Assets.xcassets in Resources */ = {isa = PBXBuildFile; fileRef = 5E2070812184EA1B0084911F /* Assets.xcassets */; };
		5E2070852184EA1B0084911F /* LaunchScreen.storyboard in Resources */ = {isa = PBXBuildFile; fileRef = 5E2070832184EA1B0084911F /* LaunchScreen.storyboard */; };
		5E2070902184EA1C0084911F /* ThePersonalTrainerClubTests.swift in Sources */ = {isa = PBXBuildFile; fileRef = 5E20708F2184EA1C0084911F /* ThePersonalTrainerClubTests.swift */; };
		5E20709B2184EA1C0084911F /* ThePersonalTrainerClubUITests.swift in Sources */ = {isa = PBXBuildFile; fileRef = 5E20709A2184EA1C0084911F /* ThePersonalTrainerClubUITests.swift */; };
		5E63349921A32E83007DD6AD /* Localizable.strings in Resources */ = {isa = PBXBuildFile; fileRef = 5E63349B21A32E83007DD6AD /* Localizable.strings */; };
		5E92C2CC21A834CA00699A37 /* TypeSelectionViewController.swift in Sources */ = {isa = PBXBuildFile; fileRef = 5E92C2CA21A834CA00699A37 /* TypeSelectionViewController.swift */; };
		5E92C2CD21A834CA00699A37 /* TypeSelectionViewController.xib in Resources */ = {isa = PBXBuildFile; fileRef = 5E92C2CB21A834CA00699A37 /* TypeSelectionViewController.xib */; };
		5E92C2CF21A8362400699A37 /* TypeSelectionViewPresenter.swift in Sources */ = {isa = PBXBuildFile; fileRef = 5E92C2CE21A8362400699A37 /* TypeSelectionViewPresenter.swift */; };
		5E92C2D121A8363700699A37 /* TypeSelectionViewContract.swift in Sources */ = {isa = PBXBuildFile; fileRef = 5E92C2D021A8363700699A37 /* TypeSelectionViewContract.swift */; };
		5E92C2D321A8364400699A37 /* TypeSelectionViewNavigator.swift in Sources */ = {isa = PBXBuildFile; fileRef = 5E92C2D221A8364400699A37 /* TypeSelectionViewNavigator.swift */; };
		5E92C2D821AC7FDB00699A37 /* AddSportViewController.swift in Sources */ = {isa = PBXBuildFile; fileRef = 5E92C2D621AC7FDB00699A37 /* AddSportViewController.swift */; };
		5E92C2D921AC7FDB00699A37 /* AddSportViewController.xib in Resources */ = {isa = PBXBuildFile; fileRef = 5E92C2D721AC7FDB00699A37 /* AddSportViewController.xib */; };
		5E92C2E221AC802200699A37 /* AddLocationViewController.swift in Sources */ = {isa = PBXBuildFile; fileRef = 5E92C2E021AC802200699A37 /* AddLocationViewController.swift */; };
		5E92C2E321AC802200699A37 /* AddLocationViewController.xib in Resources */ = {isa = PBXBuildFile; fileRef = 5E92C2E121AC802200699A37 /* AddLocationViewController.xib */; };
		5E92C2E721AC804300699A37 /* AddLocationViewPresenter.swift in Sources */ = {isa = PBXBuildFile; fileRef = 5E92C2E621AC804300699A37 /* AddLocationViewPresenter.swift */; };
		5E92C2E921AC804F00699A37 /* AddLocationViewContract.swift in Sources */ = {isa = PBXBuildFile; fileRef = 5E92C2E821AC804F00699A37 /* AddLocationViewContract.swift */; };
		5E92C2EB21AC805D00699A37 /* AddLocationViewNavigator.swift in Sources */ = {isa = PBXBuildFile; fileRef = 5E92C2EA21AC805D00699A37 /* AddLocationViewNavigator.swift */; };
		5E92C2ED21AC807200699A37 /* AddSportViewPresenter.swift in Sources */ = {isa = PBXBuildFile; fileRef = 5E92C2EC21AC807200699A37 /* AddSportViewPresenter.swift */; };
		5E92C2EF21AC807D00699A37 /* AddSportViewContract.swift in Sources */ = {isa = PBXBuildFile; fileRef = 5E92C2EE21AC807D00699A37 /* AddSportViewContract.swift */; };
		5E92C2F121AC808700699A37 /* AddSportViewNavigator.swift in Sources */ = {isa = PBXBuildFile; fileRef = 5E92C2F021AC808700699A37 /* AddSportViewNavigator.swift */; };
		5E977F3D21AF257D00DD6E50 /* UIViewExtension.swift in Sources */ = {isa = PBXBuildFile; fileRef = 5E977F3C21AF257D00DD6E50 /* UIViewExtension.swift */; };
		5E977F4821AFF1B600DD6E50 /* ActivityUseCase.swift in Sources */ = {isa = PBXBuildFile; fileRef = 5E977F4721AFF1B600DD6E50 /* ActivityUseCase.swift */; };
		5E977F4A21B03CC100DD6E50 /* SetActivitiesProvider.swift in Sources */ = {isa = PBXBuildFile; fileRef = 5E977F4921B03CC100DD6E50 /* SetActivitiesProvider.swift */; };
		5E977F4C21B03D9400DD6E50 /* SetSportRequest.swift in Sources */ = {isa = PBXBuildFile; fileRef = 5E977F4B21B03D9400DD6E50 /* SetSportRequest.swift */; };
		5E977F4E21B03E7F00DD6E50 /* SetActivitiesModel.swift in Sources */ = {isa = PBXBuildFile; fileRef = 5E977F4D21B03E7F00DD6E50 /* SetActivitiesModel.swift */; };
		5E977F5021B0406400DD6E50 /* SetActivityUseCase.swift in Sources */ = {isa = PBXBuildFile; fileRef = 5E977F4F21B0406400DD6E50 /* SetActivityUseCase.swift */; };
		5E977F5821B1620300DD6E50 /* ClassStripCell.swift in Sources */ = {isa = PBXBuildFile; fileRef = 5E977F5621B1620300DD6E50 /* ClassStripCell.swift */; };
		5E977F5921B1620300DD6E50 /* ClassStripCell.xib in Resources */ = {isa = PBXBuildFile; fileRef = 5E977F5721B1620300DD6E50 /* ClassStripCell.xib */; };
		5E977F5B21B1621000DD6E50 /* ClassStripLayout.swift in Sources */ = {isa = PBXBuildFile; fileRef = 5E977F5A21B1621000DD6E50 /* ClassStripLayout.swift */; };
		5E977F5D21B1623D00DD6E50 /* ClassStripView.xib in Resources */ = {isa = PBXBuildFile; fileRef = 5E977F5C21B1623D00DD6E50 /* ClassStripView.xib */; };
		5E977F5F21B1624900DD6E50 /* ClassStripView.swift in Sources */ = {isa = PBXBuildFile; fileRef = 5E977F5E21B1624900DD6E50 /* ClassStripView.swift */; };
		5E977F6121B1F63B00DD6E50 /* FindAthleteClassesUseCase.swift in Sources */ = {isa = PBXBuildFile; fileRef = 5E977F6021B1F63B00DD6E50 /* FindAthleteClassesUseCase.swift */; };
		5E977F6321B267C100DD6E50 /* LocationProvider.swift in Sources */ = {isa = PBXBuildFile; fileRef = 5E977F6221B267C100DD6E50 /* LocationProvider.swift */; };
		5EBC1C09219205AE00BCBBC7 /* LoginViewController.swift in Sources */ = {isa = PBXBuildFile; fileRef = 5EBC1C07219205AE00BCBBC7 /* LoginViewController.swift */; };
		5EBC1C0A219205AE00BCBBC7 /* LoginViewController.xib in Resources */ = {isa = PBXBuildFile; fileRef = 5EBC1C08219205AE00BCBBC7 /* LoginViewController.xib */; };
		5EBC1C122193277A00BCBBC7 /* LoginViewPresenter.swift in Sources */ = {isa = PBXBuildFile; fileRef = 5EBC1C112193277A00BCBBC7 /* LoginViewPresenter.swift */; };
		5EBC1C14219327E500BCBBC7 /* LoginViewContract.swift in Sources */ = {isa = PBXBuildFile; fileRef = 5EBC1C13219327E500BCBBC7 /* LoginViewContract.swift */; };
		5EBC1C1721932A0500BCBBC7 /* BaseViewController.swift in Sources */ = {isa = PBXBuildFile; fileRef = 5EBC1C1621932A0500BCBBC7 /* BaseViewController.swift */; };
		5EBC1C1921932A1300BCBBC7 /* BaseViewPresenter.swift in Sources */ = {isa = PBXBuildFile; fileRef = 5EBC1C1821932A1300BCBBC7 /* BaseViewPresenter.swift */; };
		5EBC1C1B21932A3300BCBBC7 /* BaseViewContract.swift in Sources */ = {isa = PBXBuildFile; fileRef = 5EBC1C1A21932A3300BCBBC7 /* BaseViewContract.swift */; };
		5EBC1C1E2193340500BCBBC7 /* WebService.swift in Sources */ = {isa = PBXBuildFile; fileRef = 5EBC1C1D2193340500BCBBC7 /* WebService.swift */; };
		5EBC1C202193346600BCBBC7 /* Endpoint.swift in Sources */ = {isa = PBXBuildFile; fileRef = 5EBC1C1F2193346600BCBBC7 /* Endpoint.swift */; };
		5EDB093A2194423C0000A280 /* LoginEntity.swift in Sources */ = {isa = PBXBuildFile; fileRef = 5EDB09392194423C0000A280 /* LoginEntity.swift */; };
		5EDB093D21944BC10000A280 /* LoginProvider.swift in Sources */ = {isa = PBXBuildFile; fileRef = 5EDB093C21944BC10000A280 /* LoginProvider.swift */; };
		5EDB093F21944CFD0000A280 /* LoginModel.swift in Sources */ = {isa = PBXBuildFile; fileRef = 5EDB093E21944CFD0000A280 /* LoginModel.swift */; };
		5EDB094121944F340000A280 /* LoginUseCase.swift in Sources */ = {isa = PBXBuildFile; fileRef = 5EDB094021944F340000A280 /* LoginUseCase.swift */; };
		5EDB09442194CCDE0000A280 /* RegisterViewController.swift in Sources */ = {isa = PBXBuildFile; fileRef = 5EDB09422194CCDE0000A280 /* RegisterViewController.swift */; };
		5EDB09452194CCDE0000A280 /* RegisterViewController.xib in Resources */ = {isa = PBXBuildFile; fileRef = 5EDB09432194CCDE0000A280 /* RegisterViewController.xib */; };
		5EDB09472194CD460000A280 /* RegisterViewNavigator.swift in Sources */ = {isa = PBXBuildFile; fileRef = 5EDB09462194CD460000A280 /* RegisterViewNavigator.swift */; };
		5EDB094B2194CDDA0000A280 /* RegisterViewPresenter.swift in Sources */ = {isa = PBXBuildFile; fileRef = 5EDB094A2194CDDA0000A280 /* RegisterViewPresenter.swift */; };
		5EDB094D2194CDE50000A280 /* RegisterViewContract.swift in Sources */ = {isa = PBXBuildFile; fileRef = 5EDB094C2194CDE50000A280 /* RegisterViewContract.swift */; };
		5EDB094F2194CF950000A280 /* UIViewControllerExtension.swift in Sources */ = {isa = PBXBuildFile; fileRef = 5EDB094E2194CF950000A280 /* UIViewControllerExtension.swift */; };
		5EDB09512194D0210000A280 /* LoginViewNavigator.swift in Sources */ = {isa = PBXBuildFile; fileRef = 5EDB09502194D0210000A280 /* LoginViewNavigator.swift */; };
		5EDB09552194D5080000A280 /* UIColorExtension.swift in Sources */ = {isa = PBXBuildFile; fileRef = 5EDB09542194D5080000A280 /* UIColorExtension.swift */; };
		5EFB9E10219B495C00D37E6E /* DefaultButton.swift in Sources */ = {isa = PBXBuildFile; fileRef = 5EFB9E0F219B495C00D37E6E /* DefaultButton.swift */; };
		630524F521974C8C004C4179 /* RegisterModel.swift in Sources */ = {isa = PBXBuildFile; fileRef = 630524F421974C8C004C4179 /* RegisterModel.swift */; };
		630524F721974D0A004C4179 /* RegisterUseCase.swift in Sources */ = {isa = PBXBuildFile; fileRef = 630524F621974D0A004C4179 /* RegisterUseCase.swift */; };
		630524F921974E20004C4179 /* RegisterEntity.swift in Sources */ = {isa = PBXBuildFile; fileRef = 630524F821974E20004C4179 /* RegisterEntity.swift */; };
		630524FB21974E75004C4179 /* BaseResponse.swift in Sources */ = {isa = PBXBuildFile; fileRef = 630524FA21974E75004C4179 /* BaseResponse.swift */; };
		630524FF21978B4B004C4179 /* RegisterProvider.swift in Sources */ = {isa = PBXBuildFile; fileRef = 630524FE21978B4B004C4179 /* RegisterProvider.swift */; };
		633D77DD21AAEC8800A6FEE1 /* UserSettingsViewController.swift in Sources */ = {isa = PBXBuildFile; fileRef = 633D77DB21AAEC8800A6FEE1 /* UserSettingsViewController.swift */; };
		633D77DE21AAEC8800A6FEE1 /* UserSettingsViewController.xib in Resources */ = {isa = PBXBuildFile; fileRef = 633D77DC21AAEC8800A6FEE1 /* UserSettingsViewController.xib */; };
		633D77E021AAEF2000A6FEE1 /* UserSettingsViewContract.swift in Sources */ = {isa = PBXBuildFile; fileRef = 633D77DF21AAEF2000A6FEE1 /* UserSettingsViewContract.swift */; };
		633D77E221AAEF3400A6FEE1 /* UserSettingsViewNavigator.swift in Sources */ = {isa = PBXBuildFile; fileRef = 633D77E121AAEF3400A6FEE1 /* UserSettingsViewNavigator.swift */; };
		633D77E421AAEF4400A6FEE1 /* UserSettingsViewPresenter.swift in Sources */ = {isa = PBXBuildFile; fileRef = 633D77E321AAEF4400A6FEE1 /* UserSettingsViewPresenter.swift */; };
		633D77E621AB569C00A6FEE1 /* NewClassModel.swift in Sources */ = {isa = PBXBuildFile; fileRef = 633D77E521AB569C00A6FEE1 /* NewClassModel.swift */; };
		633DA1CB21989D1D00BA028C /* ClassEntity.swift in Sources */ = {isa = PBXBuildFile; fileRef = 633DA1CA21989D1D00BA028C /* ClassEntity.swift */; };
		633DA1CD2198A42C00BA028C /* UserModel.swift in Sources */ = {isa = PBXBuildFile; fileRef = 633DA1CC2198A42C00BA028C /* UserModel.swift */; };
		633E8EAE21A4C10B00A95C3B /* ImageDownloader.swift in Sources */ = {isa = PBXBuildFile; fileRef = 633E8EAD21A4C10B00A95C3B /* ImageDownloader.swift */; };
		637303F721983F7F00E726E2 /* UserSettings.swift in Sources */ = {isa = PBXBuildFile; fileRef = 637303F621983F7F00E726E2 /* UserSettings.swift */; };
		637303FA219843A400E726E2 /* TrainerDashboardViewNavigator.swift in Sources */ = {isa = PBXBuildFile; fileRef = 637303F9219843A400E726E2 /* TrainerDashboardViewNavigator.swift */; };
		637303FC219843BA00E726E2 /* TrainerDashboardViewPresenter.swift in Sources */ = {isa = PBXBuildFile; fileRef = 637303FB219843BA00E726E2 /* TrainerDashboardViewPresenter.swift */; };
		637303FE219843D800E726E2 /* TrainerDashboardViewContract.swift in Sources */ = {isa = PBXBuildFile; fileRef = 637303FD219843D800E726E2 /* TrainerDashboardViewContract.swift */; };
		637304052198461C00E726E2 /* TrainerDashboardViewController.swift in Sources */ = {isa = PBXBuildFile; fileRef = 637304032198461C00E726E2 /* TrainerDashboardViewController.swift */; };
		637304062198461C00E726E2 /* TrainerDashboardViewController.xib in Resources */ = {isa = PBXBuildFile; fileRef = 637304042198461C00E726E2 /* TrainerDashboardViewController.xib */; };
		637304082198467900E726E2 /* BaseTabBarViewController.swift in Sources */ = {isa = PBXBuildFile; fileRef = 637304072198467900E726E2 /* BaseTabBarViewController.swift */; };
		6373040D21984DA300E726E2 /* TrainerManagementViewContract.swift in Sources */ = {isa = PBXBuildFile; fileRef = 6373040C21984DA300E726E2 /* TrainerManagementViewContract.swift */; };
		6373040F21984DBD00E726E2 /* TrainerManagementViewPresenter.swift in Sources */ = {isa = PBXBuildFile; fileRef = 6373040E21984DBD00E726E2 /* TrainerManagementViewPresenter.swift */; };
		6373041121984DD800E726E2 /* TrainerManagementViewNavigator.swift in Sources */ = {isa = PBXBuildFile; fileRef = 6373041021984DD800E726E2 /* TrainerManagementViewNavigator.swift */; };
		6373041921984E9B00E726E2 /* NewClassViewContract.swift in Sources */ = {isa = PBXBuildFile; fileRef = 6373041821984E9B00E726E2 /* NewClassViewContract.swift */; };
		6373041B21984EA800E726E2 /* NewClassViewNavigator.swift in Sources */ = {isa = PBXBuildFile; fileRef = 6373041A21984EA800E726E2 /* NewClassViewNavigator.swift */; };
		6373041D21984EBA00E726E2 /* NewClassViewPresenter.swift in Sources */ = {isa = PBXBuildFile; fileRef = 6373041C21984EBA00E726E2 /* NewClassViewPresenter.swift */; };
		6373042021984EE600E726E2 /* NewClassViewController.swift in Sources */ = {isa = PBXBuildFile; fileRef = 6373041E21984EE600E726E2 /* NewClassViewController.swift */; };
		6373042121984EE600E726E2 /* NewClassViewController.xib in Resources */ = {isa = PBXBuildFile; fileRef = 6373041F21984EE600E726E2 /* NewClassViewController.xib */; };
		6373042821984F4800E726E2 /* TrainerManagementViewController.swift in Sources */ = {isa = PBXBuildFile; fileRef = 6373042621984F4800E726E2 /* TrainerManagementViewController.swift */; };
		6373042921984F4800E726E2 /* TrainerManagementViewController.xib in Resources */ = {isa = PBXBuildFile; fileRef = 6373042721984F4800E726E2 /* TrainerManagementViewController.xib */; };
		6373042B2198506E00E726E2 /* ClassModel.swift in Sources */ = {isa = PBXBuildFile; fileRef = 6373042A2198506E00E726E2 /* ClassModel.swift */; };
		6373042D219850F700E726E2 /* ClassProvider.swift in Sources */ = {isa = PBXBuildFile; fileRef = 6373042C219850F700E726E2 /* ClassProvider.swift */; };
		6373042F2198510D00E726E2 /* NewClassEntity.swift in Sources */ = {isa = PBXBuildFile; fileRef = 6373042E2198510D00E726E2 /* NewClassEntity.swift */; };
		637304312198531C00E726E2 /* NewClassUseCase.swift in Sources */ = {isa = PBXBuildFile; fileRef = 637304302198531C00E726E2 /* NewClassUseCase.swift */; };
		6373043321985BAE00E726E2 /* ActivityModel.swift in Sources */ = {isa = PBXBuildFile; fileRef = 6373043221985BAE00E726E2 /* ActivityModel.swift */; };
		6373043521985BC700E726E2 /* LocationModel.swift in Sources */ = {isa = PBXBuildFile; fileRef = 6373043421985BC700E726E2 /* LocationModel.swift */; };
		6373043721985D4500E726E2 /* TrainerManagementUseCase.swift in Sources */ = {isa = PBXBuildFile; fileRef = 6373043621985D4500E726E2 /* TrainerManagementUseCase.swift */; };
		6373043921985DB100E726E2 /* ActivityProvider.swift in Sources */ = {isa = PBXBuildFile; fileRef = 6373043821985DB100E726E2 /* ActivityProvider.swift */; };
		6373043B21985DCB00E726E2 /* UserProvider.swift in Sources */ = {isa = PBXBuildFile; fileRef = 6373043A21985DCB00E726E2 /* UserProvider.swift */; };
		6373043D21985F1900E726E2 /* UserEntity.swift in Sources */ = {isa = PBXBuildFile; fileRef = 6373043C21985F1900E726E2 /* UserEntity.swift */; };
		6373043F2198608500E726E2 /* LocationEntity.swift in Sources */ = {isa = PBXBuildFile; fileRef = 6373043E2198608500E726E2 /* LocationEntity.swift */; };
		637304412198697800E726E2 /* SportEntity.swift in Sources */ = {isa = PBXBuildFile; fileRef = 637304402198697800E726E2 /* SportEntity.swift */; };
		63FB2E5D21A09FAF006E0320 /* ReusableView.swift in Sources */ = {isa = PBXBuildFile; fileRef = 63FB2E5C21A09FAF006E0320 /* ReusableView.swift */; };
		63FB2E5F21A09FD4006E0320 /* Date+Utils.swift in Sources */ = {isa = PBXBuildFile; fileRef = 63FB2E5E21A09FD4006E0320 /* Date+Utils.swift */; };
		63FB2E6121A09FF9006E0320 /* DateFormatter+Utils.swift in Sources */ = {isa = PBXBuildFile; fileRef = 63FB2E6021A09FF9006E0320 /* DateFormatter+Utils.swift */; };
		63FB2E6321A0A01C006E0320 /* NibLoadableView.swift in Sources */ = {isa = PBXBuildFile; fileRef = 63FB2E6221A0A01C006E0320 /* NibLoadableView.swift */; };
		63FB2E6521A0A04E006E0320 /* UITableView+Reusable.swift in Sources */ = {isa = PBXBuildFile; fileRef = 63FB2E6421A0A04E006E0320 /* UITableView+Reusable.swift */; };
		63FB2E6721A0A07A006E0320 /* UICollectionView+Reusable.swift in Sources */ = {isa = PBXBuildFile; fileRef = 63FB2E6621A0A07A006E0320 /* UICollectionView+Reusable.swift */; };
		63FB2E6921A0A465006E0320 /* ActivityStripLayout.swift in Sources */ = {isa = PBXBuildFile; fileRef = 63FB2E6821A0A465006E0320 /* ActivityStripLayout.swift */; };
		63FB2E6E21A0A6F7006E0320 /* ActivityStripView.xib in Resources */ = {isa = PBXBuildFile; fileRef = 63FB2E6D21A0A6F7006E0320 /* ActivityStripView.xib */; };
		63FB2E7021A0A710006E0320 /* ActivityStripView.swift in Sources */ = {isa = PBXBuildFile; fileRef = 63FB2E6F21A0A710006E0320 /* ActivityStripView.swift */; };
		63FB2E7521A19AB5006E0320 /* ActivityStripCell.swift in Sources */ = {isa = PBXBuildFile; fileRef = 63FB2E7321A19AB5006E0320 /* ActivityStripCell.swift */; };
		63FB2E7621A19AB5006E0320 /* ActivityStripCell.xib in Resources */ = {isa = PBXBuildFile; fileRef = 63FB2E7421A19AB5006E0320 /* ActivityStripCell.xib */; };
		63FB2E7A21A1EE48006E0320 /* LocationStripCell.swift in Sources */ = {isa = PBXBuildFile; fileRef = 63FB2E7821A1EE48006E0320 /* LocationStripCell.swift */; };
		63FB2E7B21A1EE48006E0320 /* LocationStripCell.xib in Resources */ = {isa = PBXBuildFile; fileRef = 63FB2E7921A1EE48006E0320 /* LocationStripCell.xib */; };
		63FB2E7F21A1F681006E0320 /* LocationStipLayout.swift in Sources */ = {isa = PBXBuildFile; fileRef = 63FB2E7E21A1F681006E0320 /* LocationStipLayout.swift */; };
		63FB2E8121A1F786006E0320 /* LocationStripView.swift in Sources */ = {isa = PBXBuildFile; fileRef = 63FB2E8021A1F786006E0320 /* LocationStripView.swift */; };
		63FB2E8321A1F7A3006E0320 /* LocationStripView.xib in Resources */ = {isa = PBXBuildFile; fileRef = 63FB2E8221A1F7A3006E0320 /* LocationStripView.xib */; };
/* End PBXBuildFile section */

/* Begin PBXContainerItemProxy section */
		5E20708C2184EA1C0084911F /* PBXContainerItemProxy */ = {
			isa = PBXContainerItemProxy;
			containerPortal = 5E20706F2184EA1A0084911F /* Project object */;
			proxyType = 1;
			remoteGlobalIDString = 5E2070762184EA1A0084911F;
			remoteInfo = ThePersonalTrainerClub;
		};
		5E2070972184EA1C0084911F /* PBXContainerItemProxy */ = {
			isa = PBXContainerItemProxy;
			containerPortal = 5E20706F2184EA1A0084911F /* Project object */;
			proxyType = 1;
			remoteGlobalIDString = 5E2070762184EA1A0084911F;
			remoteInfo = ThePersonalTrainerClub;
		};
/* End PBXContainerItemProxy section */

/* Begin PBXFileReference section */
		5E2070772184EA1A0084911F /* ThePersonalTrainerClub.app */ = {isa = PBXFileReference; explicitFileType = wrapper.application; includeInIndex = 0; path = ThePersonalTrainerClub.app; sourceTree = BUILT_PRODUCTS_DIR; };
		5E20707A2184EA1A0084911F /* AppDelegate.swift */ = {isa = PBXFileReference; lastKnownFileType = sourcecode.swift; path = AppDelegate.swift; sourceTree = "<group>"; };
		5E2070812184EA1B0084911F /* Assets.xcassets */ = {isa = PBXFileReference; lastKnownFileType = folder.assetcatalog; path = Assets.xcassets; sourceTree = "<group>"; };
		5E2070842184EA1B0084911F /* Base */ = {isa = PBXFileReference; lastKnownFileType = file.storyboard; name = Base; path = Base.lproj/LaunchScreen.storyboard; sourceTree = "<group>"; };
		5E2070862184EA1B0084911F /* Info.plist */ = {isa = PBXFileReference; lastKnownFileType = text.plist.xml; path = Info.plist; sourceTree = "<group>"; };
		5E20708B2184EA1C0084911F /* ThePersonalTrainerClubTests.xctest */ = {isa = PBXFileReference; explicitFileType = wrapper.cfbundle; includeInIndex = 0; path = ThePersonalTrainerClubTests.xctest; sourceTree = BUILT_PRODUCTS_DIR; };
		5E20708F2184EA1C0084911F /* ThePersonalTrainerClubTests.swift */ = {isa = PBXFileReference; lastKnownFileType = sourcecode.swift; path = ThePersonalTrainerClubTests.swift; sourceTree = "<group>"; };
		5E2070912184EA1C0084911F /* Info.plist */ = {isa = PBXFileReference; lastKnownFileType = text.plist.xml; path = Info.plist; sourceTree = "<group>"; };
		5E2070962184EA1C0084911F /* ThePersonalTrainerClubUITests.xctest */ = {isa = PBXFileReference; explicitFileType = wrapper.cfbundle; includeInIndex = 0; path = ThePersonalTrainerClubUITests.xctest; sourceTree = BUILT_PRODUCTS_DIR; };
		5E20709A2184EA1C0084911F /* ThePersonalTrainerClubUITests.swift */ = {isa = PBXFileReference; lastKnownFileType = sourcecode.swift; path = ThePersonalTrainerClubUITests.swift; sourceTree = "<group>"; };
		5E20709C2184EA1C0084911F /* Info.plist */ = {isa = PBXFileReference; lastKnownFileType = text.plist.xml; path = Info.plist; sourceTree = "<group>"; };
		5E63349A21A32E83007DD6AD /* en */ = {isa = PBXFileReference; lastKnownFileType = text.plist.strings; name = en; path = en.lproj/Localizable.strings; sourceTree = "<group>"; };
		5E63349C21A32E95007DD6AD /* es */ = {isa = PBXFileReference; lastKnownFileType = text.plist.strings; name = es; path = es.lproj/Localizable.strings; sourceTree = "<group>"; };
		5E92C2CA21A834CA00699A37 /* TypeSelectionViewController.swift */ = {isa = PBXFileReference; lastKnownFileType = sourcecode.swift; path = TypeSelectionViewController.swift; sourceTree = "<group>"; };
		5E92C2CB21A834CA00699A37 /* TypeSelectionViewController.xib */ = {isa = PBXFileReference; lastKnownFileType = file.xib; path = TypeSelectionViewController.xib; sourceTree = "<group>"; };
		5E92C2CE21A8362400699A37 /* TypeSelectionViewPresenter.swift */ = {isa = PBXFileReference; lastKnownFileType = sourcecode.swift; path = TypeSelectionViewPresenter.swift; sourceTree = "<group>"; };
		5E92C2D021A8363700699A37 /* TypeSelectionViewContract.swift */ = {isa = PBXFileReference; lastKnownFileType = sourcecode.swift; path = TypeSelectionViewContract.swift; sourceTree = "<group>"; };
		5E92C2D221A8364400699A37 /* TypeSelectionViewNavigator.swift */ = {isa = PBXFileReference; lastKnownFileType = sourcecode.swift; path = TypeSelectionViewNavigator.swift; sourceTree = "<group>"; };
		5E92C2D621AC7FDB00699A37 /* AddSportViewController.swift */ = {isa = PBXFileReference; lastKnownFileType = sourcecode.swift; path = AddSportViewController.swift; sourceTree = "<group>"; };
		5E92C2D721AC7FDB00699A37 /* AddSportViewController.xib */ = {isa = PBXFileReference; lastKnownFileType = file.xib; path = AddSportViewController.xib; sourceTree = "<group>"; };
		5E92C2E021AC802200699A37 /* AddLocationViewController.swift */ = {isa = PBXFileReference; lastKnownFileType = sourcecode.swift; path = AddLocationViewController.swift; sourceTree = "<group>"; };
		5E92C2E121AC802200699A37 /* AddLocationViewController.xib */ = {isa = PBXFileReference; lastKnownFileType = file.xib; path = AddLocationViewController.xib; sourceTree = "<group>"; };
		5E92C2E621AC804300699A37 /* AddLocationViewPresenter.swift */ = {isa = PBXFileReference; lastKnownFileType = sourcecode.swift; path = AddLocationViewPresenter.swift; sourceTree = "<group>"; };
		5E92C2E821AC804F00699A37 /* AddLocationViewContract.swift */ = {isa = PBXFileReference; lastKnownFileType = sourcecode.swift; path = AddLocationViewContract.swift; sourceTree = "<group>"; };
		5E92C2EA21AC805D00699A37 /* AddLocationViewNavigator.swift */ = {isa = PBXFileReference; lastKnownFileType = sourcecode.swift; path = AddLocationViewNavigator.swift; sourceTree = "<group>"; };
		5E92C2EC21AC807200699A37 /* AddSportViewPresenter.swift */ = {isa = PBXFileReference; lastKnownFileType = sourcecode.swift; path = AddSportViewPresenter.swift; sourceTree = "<group>"; };
		5E92C2EE21AC807D00699A37 /* AddSportViewContract.swift */ = {isa = PBXFileReference; lastKnownFileType = sourcecode.swift; path = AddSportViewContract.swift; sourceTree = "<group>"; };
		5E92C2F021AC808700699A37 /* AddSportViewNavigator.swift */ = {isa = PBXFileReference; lastKnownFileType = sourcecode.swift; path = AddSportViewNavigator.swift; sourceTree = "<group>"; };
		5E977F3C21AF257D00DD6E50 /* UIViewExtension.swift */ = {isa = PBXFileReference; lastKnownFileType = sourcecode.swift; path = UIViewExtension.swift; sourceTree = "<group>"; };
		5E977F4721AFF1B600DD6E50 /* ActivityUseCase.swift */ = {isa = PBXFileReference; lastKnownFileType = sourcecode.swift; path = ActivityUseCase.swift; sourceTree = "<group>"; };
		5E977F4921B03CC100DD6E50 /* SetActivitiesProvider.swift */ = {isa = PBXFileReference; lastKnownFileType = sourcecode.swift; path = SetActivitiesProvider.swift; sourceTree = "<group>"; };
		5E977F4B21B03D9400DD6E50 /* SetSportRequest.swift */ = {isa = PBXFileReference; lastKnownFileType = sourcecode.swift; path = SetSportRequest.swift; sourceTree = "<group>"; };
		5E977F4D21B03E7F00DD6E50 /* SetActivitiesModel.swift */ = {isa = PBXFileReference; lastKnownFileType = sourcecode.swift; path = SetActivitiesModel.swift; sourceTree = "<group>"; };
		5E977F4F21B0406400DD6E50 /* SetActivityUseCase.swift */ = {isa = PBXFileReference; lastKnownFileType = sourcecode.swift; path = SetActivityUseCase.swift; sourceTree = "<group>"; };
		5E977F5621B1620300DD6E50 /* ClassStripCell.swift */ = {isa = PBXFileReference; lastKnownFileType = sourcecode.swift; path = ClassStripCell.swift; sourceTree = "<group>"; };
		5E977F5721B1620300DD6E50 /* ClassStripCell.xib */ = {isa = PBXFileReference; lastKnownFileType = file.xib; path = ClassStripCell.xib; sourceTree = "<group>"; };
		5E977F5A21B1621000DD6E50 /* ClassStripLayout.swift */ = {isa = PBXFileReference; lastKnownFileType = sourcecode.swift; path = ClassStripLayout.swift; sourceTree = "<group>"; };
		5E977F5C21B1623D00DD6E50 /* ClassStripView.xib */ = {isa = PBXFileReference; lastKnownFileType = file.xib; path = ClassStripView.xib; sourceTree = "<group>"; };
		5E977F5E21B1624900DD6E50 /* ClassStripView.swift */ = {isa = PBXFileReference; lastKnownFileType = sourcecode.swift; path = ClassStripView.swift; sourceTree = "<group>"; };
		5E977F6021B1F63B00DD6E50 /* FindAthleteClassesUseCase.swift */ = {isa = PBXFileReference; lastKnownFileType = sourcecode.swift; path = FindAthleteClassesUseCase.swift; sourceTree = "<group>"; };
		5E977F6221B267C100DD6E50 /* LocationProvider.swift */ = {isa = PBXFileReference; lastKnownFileType = sourcecode.swift; path = LocationProvider.swift; sourceTree = "<group>"; };
		5EBC1C07219205AE00BCBBC7 /* LoginViewController.swift */ = {isa = PBXFileReference; lastKnownFileType = sourcecode.swift; path = LoginViewController.swift; sourceTree = "<group>"; };
		5EBC1C08219205AE00BCBBC7 /* LoginViewController.xib */ = {isa = PBXFileReference; lastKnownFileType = file.xib; path = LoginViewController.xib; sourceTree = "<group>"; };
		5EBC1C112193277A00BCBBC7 /* LoginViewPresenter.swift */ = {isa = PBXFileReference; lastKnownFileType = sourcecode.swift; path = LoginViewPresenter.swift; sourceTree = "<group>"; };
		5EBC1C13219327E500BCBBC7 /* LoginViewContract.swift */ = {isa = PBXFileReference; lastKnownFileType = sourcecode.swift; path = LoginViewContract.swift; sourceTree = "<group>"; };
		5EBC1C1621932A0500BCBBC7 /* BaseViewController.swift */ = {isa = PBXFileReference; lastKnownFileType = sourcecode.swift; path = BaseViewController.swift; sourceTree = "<group>"; };
		5EBC1C1821932A1300BCBBC7 /* BaseViewPresenter.swift */ = {isa = PBXFileReference; lastKnownFileType = sourcecode.swift; path = BaseViewPresenter.swift; sourceTree = "<group>"; };
		5EBC1C1A21932A3300BCBBC7 /* BaseViewContract.swift */ = {isa = PBXFileReference; lastKnownFileType = sourcecode.swift; path = BaseViewContract.swift; sourceTree = "<group>"; };
		5EBC1C1D2193340500BCBBC7 /* WebService.swift */ = {isa = PBXFileReference; lastKnownFileType = sourcecode.swift; path = WebService.swift; sourceTree = "<group>"; };
		5EBC1C1F2193346600BCBBC7 /* Endpoint.swift */ = {isa = PBXFileReference; lastKnownFileType = sourcecode.swift; path = Endpoint.swift; sourceTree = "<group>"; };
		5EDB09392194423C0000A280 /* LoginEntity.swift */ = {isa = PBXFileReference; lastKnownFileType = sourcecode.swift; path = LoginEntity.swift; sourceTree = "<group>"; };
		5EDB093C21944BC10000A280 /* LoginProvider.swift */ = {isa = PBXFileReference; lastKnownFileType = sourcecode.swift; path = LoginProvider.swift; sourceTree = "<group>"; };
		5EDB093E21944CFD0000A280 /* LoginModel.swift */ = {isa = PBXFileReference; lastKnownFileType = sourcecode.swift; path = LoginModel.swift; sourceTree = "<group>"; };
		5EDB094021944F340000A280 /* LoginUseCase.swift */ = {isa = PBXFileReference; lastKnownFileType = sourcecode.swift; path = LoginUseCase.swift; sourceTree = "<group>"; };
		5EDB09422194CCDE0000A280 /* RegisterViewController.swift */ = {isa = PBXFileReference; lastKnownFileType = sourcecode.swift; path = RegisterViewController.swift; sourceTree = "<group>"; };
		5EDB09432194CCDE0000A280 /* RegisterViewController.xib */ = {isa = PBXFileReference; lastKnownFileType = file.xib; path = RegisterViewController.xib; sourceTree = "<group>"; };
		5EDB09462194CD460000A280 /* RegisterViewNavigator.swift */ = {isa = PBXFileReference; lastKnownFileType = sourcecode.swift; path = RegisterViewNavigator.swift; sourceTree = "<group>"; };
		5EDB094A2194CDDA0000A280 /* RegisterViewPresenter.swift */ = {isa = PBXFileReference; lastKnownFileType = sourcecode.swift; path = RegisterViewPresenter.swift; sourceTree = "<group>"; };
		5EDB094C2194CDE50000A280 /* RegisterViewContract.swift */ = {isa = PBXFileReference; lastKnownFileType = sourcecode.swift; path = RegisterViewContract.swift; sourceTree = "<group>"; };
		5EDB094E2194CF950000A280 /* UIViewControllerExtension.swift */ = {isa = PBXFileReference; lastKnownFileType = sourcecode.swift; path = UIViewControllerExtension.swift; sourceTree = "<group>"; };
		5EDB09502194D0210000A280 /* LoginViewNavigator.swift */ = {isa = PBXFileReference; lastKnownFileType = sourcecode.swift; path = LoginViewNavigator.swift; sourceTree = "<group>"; };
		5EDB09542194D5080000A280 /* UIColorExtension.swift */ = {isa = PBXFileReference; lastKnownFileType = sourcecode.swift; path = UIColorExtension.swift; sourceTree = "<group>"; };
		5EFB9E0F219B495C00D37E6E /* DefaultButton.swift */ = {isa = PBXFileReference; lastKnownFileType = sourcecode.swift; path = DefaultButton.swift; sourceTree = "<group>"; };
		630524F421974C8C004C4179 /* RegisterModel.swift */ = {isa = PBXFileReference; lastKnownFileType = sourcecode.swift; path = RegisterModel.swift; sourceTree = "<group>"; };
		630524F621974D0A004C4179 /* RegisterUseCase.swift */ = {isa = PBXFileReference; lastKnownFileType = sourcecode.swift; path = RegisterUseCase.swift; sourceTree = "<group>"; };
		630524F821974E20004C4179 /* RegisterEntity.swift */ = {isa = PBXFileReference; lastKnownFileType = sourcecode.swift; path = RegisterEntity.swift; sourceTree = "<group>"; };
		630524FA21974E75004C4179 /* BaseResponse.swift */ = {isa = PBXFileReference; lastKnownFileType = sourcecode.swift; path = BaseResponse.swift; sourceTree = "<group>"; };
		630524FE21978B4B004C4179 /* RegisterProvider.swift */ = {isa = PBXFileReference; lastKnownFileType = sourcecode.swift; path = RegisterProvider.swift; sourceTree = "<group>"; };
		633D77DB21AAEC8800A6FEE1 /* UserSettingsViewController.swift */ = {isa = PBXFileReference; lastKnownFileType = sourcecode.swift; path = UserSettingsViewController.swift; sourceTree = "<group>"; };
		633D77DC21AAEC8800A6FEE1 /* UserSettingsViewController.xib */ = {isa = PBXFileReference; lastKnownFileType = file.xib; path = UserSettingsViewController.xib; sourceTree = "<group>"; };
		633D77DF21AAEF2000A6FEE1 /* UserSettingsViewContract.swift */ = {isa = PBXFileReference; lastKnownFileType = sourcecode.swift; path = UserSettingsViewContract.swift; sourceTree = "<group>"; };
		633D77E121AAEF3400A6FEE1 /* UserSettingsViewNavigator.swift */ = {isa = PBXFileReference; lastKnownFileType = sourcecode.swift; path = UserSettingsViewNavigator.swift; sourceTree = "<group>"; };
		633D77E321AAEF4400A6FEE1 /* UserSettingsViewPresenter.swift */ = {isa = PBXFileReference; lastKnownFileType = sourcecode.swift; path = UserSettingsViewPresenter.swift; sourceTree = "<group>"; };
		633D77E521AB569C00A6FEE1 /* NewClassModel.swift */ = {isa = PBXFileReference; lastKnownFileType = sourcecode.swift; path = NewClassModel.swift; sourceTree = "<group>"; };
		633DA1CA21989D1D00BA028C /* ClassEntity.swift */ = {isa = PBXFileReference; lastKnownFileType = sourcecode.swift; path = ClassEntity.swift; sourceTree = "<group>"; };
		633DA1CC2198A42C00BA028C /* UserModel.swift */ = {isa = PBXFileReference; lastKnownFileType = sourcecode.swift; path = UserModel.swift; sourceTree = "<group>"; };
		633E8EAD21A4C10B00A95C3B /* ImageDownloader.swift */ = {isa = PBXFileReference; lastKnownFileType = sourcecode.swift; path = ImageDownloader.swift; sourceTree = "<group>"; };
		637303F621983F7F00E726E2 /* UserSettings.swift */ = {isa = PBXFileReference; lastKnownFileType = sourcecode.swift; path = UserSettings.swift; sourceTree = "<group>"; };
		637303F9219843A400E726E2 /* TrainerDashboardViewNavigator.swift */ = {isa = PBXFileReference; lastKnownFileType = sourcecode.swift; path = TrainerDashboardViewNavigator.swift; sourceTree = "<group>"; };
		637303FB219843BA00E726E2 /* TrainerDashboardViewPresenter.swift */ = {isa = PBXFileReference; lastKnownFileType = sourcecode.swift; path = TrainerDashboardViewPresenter.swift; sourceTree = "<group>"; };
		637303FD219843D800E726E2 /* TrainerDashboardViewContract.swift */ = {isa = PBXFileReference; lastKnownFileType = sourcecode.swift; path = TrainerDashboardViewContract.swift; sourceTree = "<group>"; };
		637304032198461C00E726E2 /* TrainerDashboardViewController.swift */ = {isa = PBXFileReference; lastKnownFileType = sourcecode.swift; path = TrainerDashboardViewController.swift; sourceTree = "<group>"; };
		637304042198461C00E726E2 /* TrainerDashboardViewController.xib */ = {isa = PBXFileReference; lastKnownFileType = file.xib; path = TrainerDashboardViewController.xib; sourceTree = "<group>"; };
		637304072198467900E726E2 /* BaseTabBarViewController.swift */ = {isa = PBXFileReference; lastKnownFileType = sourcecode.swift; path = BaseTabBarViewController.swift; sourceTree = "<group>"; };
		6373040C21984DA300E726E2 /* TrainerManagementViewContract.swift */ = {isa = PBXFileReference; lastKnownFileType = sourcecode.swift; path = TrainerManagementViewContract.swift; sourceTree = "<group>"; };
		6373040E21984DBD00E726E2 /* TrainerManagementViewPresenter.swift */ = {isa = PBXFileReference; lastKnownFileType = sourcecode.swift; path = TrainerManagementViewPresenter.swift; sourceTree = "<group>"; };
		6373041021984DD800E726E2 /* TrainerManagementViewNavigator.swift */ = {isa = PBXFileReference; lastKnownFileType = sourcecode.swift; path = TrainerManagementViewNavigator.swift; sourceTree = "<group>"; };
		6373041821984E9B00E726E2 /* NewClassViewContract.swift */ = {isa = PBXFileReference; lastKnownFileType = sourcecode.swift; path = NewClassViewContract.swift; sourceTree = "<group>"; };
		6373041A21984EA800E726E2 /* NewClassViewNavigator.swift */ = {isa = PBXFileReference; lastKnownFileType = sourcecode.swift; path = NewClassViewNavigator.swift; sourceTree = "<group>"; };
		6373041C21984EBA00E726E2 /* NewClassViewPresenter.swift */ = {isa = PBXFileReference; lastKnownFileType = sourcecode.swift; path = NewClassViewPresenter.swift; sourceTree = "<group>"; };
		6373041E21984EE600E726E2 /* NewClassViewController.swift */ = {isa = PBXFileReference; lastKnownFileType = sourcecode.swift; path = NewClassViewController.swift; sourceTree = "<group>"; };
		6373041F21984EE600E726E2 /* NewClassViewController.xib */ = {isa = PBXFileReference; lastKnownFileType = file.xib; path = NewClassViewController.xib; sourceTree = "<group>"; };
		6373042621984F4800E726E2 /* TrainerManagementViewController.swift */ = {isa = PBXFileReference; lastKnownFileType = sourcecode.swift; path = TrainerManagementViewController.swift; sourceTree = "<group>"; };
		6373042721984F4800E726E2 /* TrainerManagementViewController.xib */ = {isa = PBXFileReference; lastKnownFileType = file.xib; path = TrainerManagementViewController.xib; sourceTree = "<group>"; };
		6373042A2198506E00E726E2 /* ClassModel.swift */ = {isa = PBXFileReference; lastKnownFileType = sourcecode.swift; path = ClassModel.swift; sourceTree = "<group>"; };
		6373042C219850F700E726E2 /* ClassProvider.swift */ = {isa = PBXFileReference; lastKnownFileType = sourcecode.swift; path = ClassProvider.swift; sourceTree = "<group>"; };
		6373042E2198510D00E726E2 /* NewClassEntity.swift */ = {isa = PBXFileReference; lastKnownFileType = sourcecode.swift; path = NewClassEntity.swift; sourceTree = "<group>"; };
		637304302198531C00E726E2 /* NewClassUseCase.swift */ = {isa = PBXFileReference; lastKnownFileType = sourcecode.swift; path = NewClassUseCase.swift; sourceTree = "<group>"; };
		6373043221985BAE00E726E2 /* ActivityModel.swift */ = {isa = PBXFileReference; lastKnownFileType = sourcecode.swift; path = ActivityModel.swift; sourceTree = "<group>"; };
		6373043421985BC700E726E2 /* LocationModel.swift */ = {isa = PBXFileReference; lastKnownFileType = sourcecode.swift; path = LocationModel.swift; sourceTree = "<group>"; };
		6373043621985D4500E726E2 /* TrainerManagementUseCase.swift */ = {isa = PBXFileReference; lastKnownFileType = sourcecode.swift; path = TrainerManagementUseCase.swift; sourceTree = "<group>"; };
		6373043821985DB100E726E2 /* ActivityProvider.swift */ = {isa = PBXFileReference; lastKnownFileType = sourcecode.swift; path = ActivityProvider.swift; sourceTree = "<group>"; };
		6373043A21985DCB00E726E2 /* UserProvider.swift */ = {isa = PBXFileReference; lastKnownFileType = sourcecode.swift; path = UserProvider.swift; sourceTree = "<group>"; };
		6373043C21985F1900E726E2 /* UserEntity.swift */ = {isa = PBXFileReference; lastKnownFileType = sourcecode.swift; path = UserEntity.swift; sourceTree = "<group>"; };
		6373043E2198608500E726E2 /* LocationEntity.swift */ = {isa = PBXFileReference; lastKnownFileType = sourcecode.swift; path = LocationEntity.swift; sourceTree = "<group>"; };
		637304402198697800E726E2 /* SportEntity.swift */ = {isa = PBXFileReference; lastKnownFileType = sourcecode.swift; path = SportEntity.swift; sourceTree = "<group>"; };
		63FB2E5C21A09FAF006E0320 /* ReusableView.swift */ = {isa = PBXFileReference; lastKnownFileType = sourcecode.swift; path = ReusableView.swift; sourceTree = "<group>"; };
		63FB2E5E21A09FD4006E0320 /* Date+Utils.swift */ = {isa = PBXFileReference; lastKnownFileType = sourcecode.swift; path = "Date+Utils.swift"; sourceTree = "<group>"; };
		63FB2E6021A09FF9006E0320 /* DateFormatter+Utils.swift */ = {isa = PBXFileReference; lastKnownFileType = sourcecode.swift; path = "DateFormatter+Utils.swift"; sourceTree = "<group>"; };
		63FB2E6221A0A01C006E0320 /* NibLoadableView.swift */ = {isa = PBXFileReference; lastKnownFileType = sourcecode.swift; path = NibLoadableView.swift; sourceTree = "<group>"; };
		63FB2E6421A0A04E006E0320 /* UITableView+Reusable.swift */ = {isa = PBXFileReference; lastKnownFileType = sourcecode.swift; path = "UITableView+Reusable.swift"; sourceTree = "<group>"; };
		63FB2E6621A0A07A006E0320 /* UICollectionView+Reusable.swift */ = {isa = PBXFileReference; lastKnownFileType = sourcecode.swift; path = "UICollectionView+Reusable.swift"; sourceTree = "<group>"; };
		63FB2E6821A0A465006E0320 /* ActivityStripLayout.swift */ = {isa = PBXFileReference; lastKnownFileType = sourcecode.swift; path = ActivityStripLayout.swift; sourceTree = "<group>"; };
		63FB2E6D21A0A6F7006E0320 /* ActivityStripView.xib */ = {isa = PBXFileReference; lastKnownFileType = file.xib; path = ActivityStripView.xib; sourceTree = "<group>"; };
		63FB2E6F21A0A710006E0320 /* ActivityStripView.swift */ = {isa = PBXFileReference; lastKnownFileType = sourcecode.swift; path = ActivityStripView.swift; sourceTree = "<group>"; };
		63FB2E7321A19AB5006E0320 /* ActivityStripCell.swift */ = {isa = PBXFileReference; lastKnownFileType = sourcecode.swift; path = ActivityStripCell.swift; sourceTree = "<group>"; };
		63FB2E7421A19AB5006E0320 /* ActivityStripCell.xib */ = {isa = PBXFileReference; lastKnownFileType = file.xib; path = ActivityStripCell.xib; sourceTree = "<group>"; };
		63FB2E7821A1EE48006E0320 /* LocationStripCell.swift */ = {isa = PBXFileReference; lastKnownFileType = sourcecode.swift; path = LocationStripCell.swift; sourceTree = "<group>"; };
		63FB2E7921A1EE48006E0320 /* LocationStripCell.xib */ = {isa = PBXFileReference; lastKnownFileType = file.xib; path = LocationStripCell.xib; sourceTree = "<group>"; };
		63FB2E7E21A1F681006E0320 /* LocationStipLayout.swift */ = {isa = PBXFileReference; lastKnownFileType = sourcecode.swift; path = LocationStipLayout.swift; sourceTree = "<group>"; };
		63FB2E8021A1F786006E0320 /* LocationStripView.swift */ = {isa = PBXFileReference; lastKnownFileType = sourcecode.swift; path = LocationStripView.swift; sourceTree = "<group>"; };
		63FB2E8221A1F7A3006E0320 /* LocationStripView.xib */ = {isa = PBXFileReference; lastKnownFileType = file.xib; path = LocationStripView.xib; sourceTree = "<group>"; };
/* End PBXFileReference section */

/* Begin PBXFrameworksBuildPhase section */
		5E2070742184EA1A0084911F /* Frameworks */ = {
			isa = PBXFrameworksBuildPhase;
			buildActionMask = 2147483647;
			files = (
			);
			runOnlyForDeploymentPostprocessing = 0;
		};
		5E2070882184EA1C0084911F /* Frameworks */ = {
			isa = PBXFrameworksBuildPhase;
			buildActionMask = 2147483647;
			files = (
			);
			runOnlyForDeploymentPostprocessing = 0;
		};
		5E2070932184EA1C0084911F /* Frameworks */ = {
			isa = PBXFrameworksBuildPhase;
			buildActionMask = 2147483647;
			files = (
			);
			runOnlyForDeploymentPostprocessing = 0;
		};
/* End PBXFrameworksBuildPhase section */

/* Begin PBXGroup section */
		5E20706E2184EA1A0084911F = {
			isa = PBXGroup;
			children = (
				5E2070792184EA1A0084911F /* ThePersonalTrainerClub */,
				5E20708E2184EA1C0084911F /* ThePersonalTrainerClubTests */,
				5E2070992184EA1C0084911F /* ThePersonalTrainerClubUITests */,
				5E2070782184EA1A0084911F /* Products */,
			);
			sourceTree = "<group>";
		};
		5E2070782184EA1A0084911F /* Products */ = {
			isa = PBXGroup;
			children = (
				5E2070772184EA1A0084911F /* ThePersonalTrainerClub.app */,
				5E20708B2184EA1C0084911F /* ThePersonalTrainerClubTests.xctest */,
				5E2070962184EA1C0084911F /* ThePersonalTrainerClubUITests.xctest */,
			);
			name = Products;
			sourceTree = "<group>";
		};
		5E2070792184EA1A0084911F /* ThePersonalTrainerClub */ = {
			isa = PBXGroup;
			children = (
				5EBC1C0D219208AE00BCBBC7 /* Utils */,
				5EBC1C042191902300BCBBC7 /* View */,
				5EBC1C052192057D00BCBBC7 /* Model */,
				5EBC1C0E219208D700BCBBC7 /* Network */,
				5E20707A2184EA1A0084911F /* AppDelegate.swift */,
				5E2070812184EA1B0084911F /* Assets.xcassets */,
				5E2070832184EA1B0084911F /* LaunchScreen.storyboard */,
				5E2070862184EA1B0084911F /* Info.plist */,
				5E63349B21A32E83007DD6AD /* Localizable.strings */,
			);
			path = ThePersonalTrainerClub;
			sourceTree = "<group>";
		};
		5E20708E2184EA1C0084911F /* ThePersonalTrainerClubTests */ = {
			isa = PBXGroup;
			children = (
				5E20708F2184EA1C0084911F /* ThePersonalTrainerClubTests.swift */,
				5E2070912184EA1C0084911F /* Info.plist */,
			);
			path = ThePersonalTrainerClubTests;
			sourceTree = "<group>";
		};
		5E2070992184EA1C0084911F /* ThePersonalTrainerClubUITests */ = {
			isa = PBXGroup;
			children = (
				5E20709A2184EA1C0084911F /* ThePersonalTrainerClubUITests.swift */,
				5E20709C2184EA1C0084911F /* Info.plist */,
			);
			path = ThePersonalTrainerClubUITests;
			sourceTree = "<group>";
		};
		5E92C2C721A8346C00699A37 /* TypeSelectionDashboard */ = {
			isa = PBXGroup;
			children = (
				5E92C2CA21A834CA00699A37 /* TypeSelectionViewController.swift */,
				5E92C2CB21A834CA00699A37 /* TypeSelectionViewController.xib */,
				5E92C2CE21A8362400699A37 /* TypeSelectionViewPresenter.swift */,
				5E92C2D021A8363700699A37 /* TypeSelectionViewContract.swift */,
				5E92C2D221A8364400699A37 /* TypeSelectionViewNavigator.swift */,
			);
			path = TypeSelectionDashboard;
			sourceTree = "<group>";
		};
		5E92C2D421AC7F6500699A37 /* AddSport */ = {
			isa = PBXGroup;
			children = (
				5E92C2D621AC7FDB00699A37 /* AddSportViewController.swift */,
				5E92C2D721AC7FDB00699A37 /* AddSportViewController.xib */,
				5E92C2EC21AC807200699A37 /* AddSportViewPresenter.swift */,
				5E92C2EE21AC807D00699A37 /* AddSportViewContract.swift */,
				5E92C2F021AC808700699A37 /* AddSportViewNavigator.swift */,
			);
			path = AddSport;
			sourceTree = "<group>";
		};
		5E92C2D521AC7F8D00699A37 /* AddLocation */ = {
			isa = PBXGroup;
			children = (
				5E92C2E021AC802200699A37 /* AddLocationViewController.swift */,
				5E92C2E121AC802200699A37 /* AddLocationViewController.xib */,
				5E92C2E621AC804300699A37 /* AddLocationViewPresenter.swift */,
				5E92C2E821AC804F00699A37 /* AddLocationViewContract.swift */,
				5E92C2EA21AC805D00699A37 /* AddLocationViewNavigator.swift */,
			);
			path = AddLocation;
			sourceTree = "<group>";
		};
		5E977F5121B1619500DD6E50 /* ClassesStripView */ = {
			isa = PBXGroup;
			children = (
				5E977F5621B1620300DD6E50 /* ClassStripCell.swift */,
				5E977F5721B1620300DD6E50 /* ClassStripCell.xib */,
				5E977F5A21B1621000DD6E50 /* ClassStripLayout.swift */,
				5E977F5E21B1624900DD6E50 /* ClassStripView.swift */,
				5E977F5C21B1623D00DD6E50 /* ClassStripView.xib */,
			);
			path = ClassesStripView;
			sourceTree = "<group>";
		};
		5EBC1C042191902300BCBBC7 /* View */ = {
			isa = PBXGroup;
			children = (
				5E92C2D521AC7F8D00699A37 /* AddLocation */,
				5E92C2D421AC7F6500699A37 /* AddSport */,
				633D77DA21AAEC5A00A6FEE1 /* UserSettings */,
				5E92C2C721A8346C00699A37 /* TypeSelectionDashboard */,
				5EFB9E0D219B492C00D37E6E /* SharedViews */,
				6373040B2198499000E726E2 /* NewClass */,
				637304092198473D00E726E2 /* TrainerManagement  */,
				637303F82198432E00E726E2 /* TrainerDashboard */,
				5EBC1C15219329F400BCBBC7 /* Base */,
				5EBC1C062192058800BCBBC7 /* Login */,
				5EBC1C1C2193301400BCBBC7 /* Register */,
			);
			path = View;
			sourceTree = "<group>";
		};
		5EBC1C052192057D00BCBBC7 /* Model */ = {
			isa = PBXGroup;
			children = (
				5EDB09362193479A0000A280 /* Model */,
				5EDB0932219346940000A280 /* UseCase */,
				5EDB0933219346CC0000A280 /* Provider */,
			);
			path = Model;
			sourceTree = "<group>";
		};
		5EBC1C062192058800BCBBC7 /* Login */ = {
			isa = PBXGroup;
			children = (
				5EBC1C07219205AE00BCBBC7 /* LoginViewController.swift */,
				5EBC1C08219205AE00BCBBC7 /* LoginViewController.xib */,
				5EBC1C112193277A00BCBBC7 /* LoginViewPresenter.swift */,
				5EBC1C13219327E500BCBBC7 /* LoginViewContract.swift */,
				5EDB09502194D0210000A280 /* LoginViewNavigator.swift */,
			);
			path = Login;
			sourceTree = "<group>";
		};
		5EBC1C0D219208AE00BCBBC7 /* Utils */ = {
			isa = PBXGroup;
			children = (
				5EDB094E2194CF950000A280 /* UIViewControllerExtension.swift */,
				5EDB09542194D5080000A280 /* UIColorExtension.swift */,
				637303F621983F7F00E726E2 /* UserSettings.swift */,
				63FB2E5C21A09FAF006E0320 /* ReusableView.swift */,
				63FB2E5E21A09FD4006E0320 /* Date+Utils.swift */,
				63FB2E6021A09FF9006E0320 /* DateFormatter+Utils.swift */,
				63FB2E6221A0A01C006E0320 /* NibLoadableView.swift */,
				63FB2E6421A0A04E006E0320 /* UITableView+Reusable.swift */,
				63FB2E6621A0A07A006E0320 /* UICollectionView+Reusable.swift */,
				633E8EAD21A4C10B00A95C3B /* ImageDownloader.swift */,
				5E977F3C21AF257D00DD6E50 /* UIViewExtension.swift */,
			);
			path = Utils;
			sourceTree = "<group>";
		};
		5EBC1C0E219208D700BCBBC7 /* Network */ = {
			isa = PBXGroup;
			children = (
				5EDB09352193478B0000A280 /* Entity */,
				5EBC1C1D2193340500BCBBC7 /* WebService.swift */,
				5EBC1C1F2193346600BCBBC7 /* Endpoint.swift */,
			);
			path = Network;
			sourceTree = "<group>";
		};
		5EBC1C15219329F400BCBBC7 /* Base */ = {
			isa = PBXGroup;
			children = (
				5EBC1C1621932A0500BCBBC7 /* BaseViewController.swift */,
				5EBC1C1821932A1300BCBBC7 /* BaseViewPresenter.swift */,
				5EBC1C1A21932A3300BCBBC7 /* BaseViewContract.swift */,
				637304072198467900E726E2 /* BaseTabBarViewController.swift */,
			);
			path = Base;
			sourceTree = "<group>";
		};
		5EBC1C1C2193301400BCBBC7 /* Register */ = {
			isa = PBXGroup;
			children = (
				5EDB09422194CCDE0000A280 /* RegisterViewController.swift */,
				5EDB09432194CCDE0000A280 /* RegisterViewController.xib */,
				5EDB09462194CD460000A280 /* RegisterViewNavigator.swift */,
				5EDB094A2194CDDA0000A280 /* RegisterViewPresenter.swift */,
				5EDB094C2194CDE50000A280 /* RegisterViewContract.swift */,
			);
			path = Register;
			sourceTree = "<group>";
		};
		5EDB0932219346940000A280 /* UseCase */ = {
			isa = PBXGroup;
			children = (
				5EDB094021944F340000A280 /* LoginUseCase.swift */,
				630524F621974D0A004C4179 /* RegisterUseCase.swift */,
				637304302198531C00E726E2 /* NewClassUseCase.swift */,
				6373043621985D4500E726E2 /* TrainerManagementUseCase.swift */,
				5E977F4721AFF1B600DD6E50 /* ActivityUseCase.swift */,
				5E977F4F21B0406400DD6E50 /* SetActivityUseCase.swift */,
				5E977F6021B1F63B00DD6E50 /* FindAthleteClassesUseCase.swift */,
			);
			path = UseCase;
			sourceTree = "<group>";
		};
		5EDB0933219346CC0000A280 /* Provider */ = {
			isa = PBXGroup;
			children = (
				5EDB093C21944BC10000A280 /* LoginProvider.swift */,
				630524FE21978B4B004C4179 /* RegisterProvider.swift */,
				6373042C219850F700E726E2 /* ClassProvider.swift */,
				6373043821985DB100E726E2 /* ActivityProvider.swift */,
				6373043A21985DCB00E726E2 /* UserProvider.swift */,
				5E977F4921B03CC100DD6E50 /* SetActivitiesProvider.swift */,
				5E977F6221B267C100DD6E50 /* LocationProvider.swift */,
			);
			path = Provider;
			sourceTree = "<group>";
		};
		5EDB09352193478B0000A280 /* Entity */ = {
			isa = PBXGroup;
			children = (
				6373043C21985F1900E726E2 /* UserEntity.swift */,
				5EDB09392194423C0000A280 /* LoginEntity.swift */,
				630524F821974E20004C4179 /* RegisterEntity.swift */,
				630524FA21974E75004C4179 /* BaseResponse.swift */,
				6373042E2198510D00E726E2 /* NewClassEntity.swift */,
				6373043E2198608500E726E2 /* LocationEntity.swift */,
				637304402198697800E726E2 /* SportEntity.swift */,
				633DA1CA21989D1D00BA028C /* ClassEntity.swift */,
				5E977F4B21B03D9400DD6E50 /* SetSportRequest.swift */,
			);
			path = Entity;
			sourceTree = "<group>";
		};
		5EDB09362193479A0000A280 /* Model */ = {
			isa = PBXGroup;
			children = (
				5EDB093E21944CFD0000A280 /* LoginModel.swift */,
				630524F421974C8C004C4179 /* RegisterModel.swift */,
				6373042A2198506E00E726E2 /* ClassModel.swift */,
				6373043221985BAE00E726E2 /* ActivityModel.swift */,
				6373043421985BC700E726E2 /* LocationModel.swift */,
				633DA1CC2198A42C00BA028C /* UserModel.swift */,
				633D77E521AB569C00A6FEE1 /* NewClassModel.swift */,
				5E977F4D21B03E7F00DD6E50 /* SetActivitiesModel.swift */,
			);
			path = Model;
			sourceTree = "<group>";
		};
		5EFB9E0D219B492C00D37E6E /* SharedViews */ = {
			isa = PBXGroup;
			children = (
				5E977F5121B1619500DD6E50 /* ClassesStripView */,
				63FB2E7721A1EE0F006E0320 /* LocationStripView */,
				63FB2E6A21A0A5B8006E0320 /* ActivityStripView */,
				5EFB9E0E219B493B00D37E6E /* Button */,
			);
			path = SharedViews;
			sourceTree = "<group>";
		};
		5EFB9E0E219B493B00D37E6E /* Button */ = {
			isa = PBXGroup;
			children = (
				5EFB9E0F219B495C00D37E6E /* DefaultButton.swift */,
			);
			path = Button;
			sourceTree = "<group>";
		};
		633D77DA21AAEC5A00A6FEE1 /* UserSettings */ = {
			isa = PBXGroup;
			children = (
				633D77DB21AAEC8800A6FEE1 /* UserSettingsViewController.swift */,
				633D77DC21AAEC8800A6FEE1 /* UserSettingsViewController.xib */,
				633D77DF21AAEF2000A6FEE1 /* UserSettingsViewContract.swift */,
				633D77E121AAEF3400A6FEE1 /* UserSettingsViewNavigator.swift */,
				633D77E321AAEF4400A6FEE1 /* UserSettingsViewPresenter.swift */,
			);
			path = UserSettings;
			sourceTree = "<group>";
		};
		637303F82198432E00E726E2 /* TrainerDashboard */ = {
			isa = PBXGroup;
			children = (
				637303F9219843A400E726E2 /* TrainerDashboardViewNavigator.swift */,
				637303FB219843BA00E726E2 /* TrainerDashboardViewPresenter.swift */,
				637303FD219843D800E726E2 /* TrainerDashboardViewContract.swift */,
				637304032198461C00E726E2 /* TrainerDashboardViewController.swift */,
				637304042198461C00E726E2 /* TrainerDashboardViewController.xib */,
			);
			path = TrainerDashboard;
			sourceTree = "<group>";
		};
		637304092198473D00E726E2 /* TrainerManagement  */ = {
			isa = PBXGroup;
			children = (
				6373040C21984DA300E726E2 /* TrainerManagementViewContract.swift */,
				6373040E21984DBD00E726E2 /* TrainerManagementViewPresenter.swift */,
				6373041021984DD800E726E2 /* TrainerManagementViewNavigator.swift */,
				6373042621984F4800E726E2 /* TrainerManagementViewController.swift */,
				6373042721984F4800E726E2 /* TrainerManagementViewController.xib */,
			);
			path = "TrainerManagement ";
			sourceTree = "<group>";
		};
		6373040B2198499000E726E2 /* NewClass */ = {
			isa = PBXGroup;
			children = (
				6373041821984E9B00E726E2 /* NewClassViewContract.swift */,
				6373041A21984EA800E726E2 /* NewClassViewNavigator.swift */,
				6373041C21984EBA00E726E2 /* NewClassViewPresenter.swift */,
				6373041E21984EE600E726E2 /* NewClassViewController.swift */,
				6373041F21984EE600E726E2 /* NewClassViewController.xib */,
			);
			path = NewClass;
			sourceTree = "<group>";
		};
		63FB2E6A21A0A5B8006E0320 /* ActivityStripView */ = {
			isa = PBXGroup;
			children = (
				63FB2E7321A19AB5006E0320 /* ActivityStripCell.swift */,
				63FB2E7421A19AB5006E0320 /* ActivityStripCell.xib */,
				63FB2E6D21A0A6F7006E0320 /* ActivityStripView.xib */,
				63FB2E6F21A0A710006E0320 /* ActivityStripView.swift */,
				63FB2E6821A0A465006E0320 /* ActivityStripLayout.swift */,
			);
			path = ActivityStripView;
			sourceTree = "<group>";
		};
		63FB2E7721A1EE0F006E0320 /* LocationStripView */ = {
			isa = PBXGroup;
			children = (
				63FB2E7821A1EE48006E0320 /* LocationStripCell.swift */,
				63FB2E7921A1EE48006E0320 /* LocationStripCell.xib */,
				63FB2E7E21A1F681006E0320 /* LocationStipLayout.swift */,
				63FB2E8021A1F786006E0320 /* LocationStripView.swift */,
				63FB2E8221A1F7A3006E0320 /* LocationStripView.xib */,
			);
			path = LocationStripView;
			sourceTree = "<group>";
		};
/* End PBXGroup section */

/* Begin PBXNativeTarget section */
		5E2070762184EA1A0084911F /* ThePersonalTrainerClub */ = {
			isa = PBXNativeTarget;
			buildConfigurationList = 5E20709F2184EA1C0084911F /* Build configuration list for PBXNativeTarget "ThePersonalTrainerClub" */;
			buildPhases = (
				5E2070732184EA1A0084911F /* Sources */,
				5E2070742184EA1A0084911F /* Frameworks */,
				5E2070752184EA1A0084911F /* Resources */,
			);
			buildRules = (
			);
			dependencies = (
			);
			name = ThePersonalTrainerClub;
			productName = ThePersonalTrainerClub;
			productReference = 5E2070772184EA1A0084911F /* ThePersonalTrainerClub.app */;
			productType = "com.apple.product-type.application";
		};
		5E20708A2184EA1C0084911F /* ThePersonalTrainerClubTests */ = {
			isa = PBXNativeTarget;
			buildConfigurationList = 5E2070A22184EA1C0084911F /* Build configuration list for PBXNativeTarget "ThePersonalTrainerClubTests" */;
			buildPhases = (
				5E2070872184EA1C0084911F /* Sources */,
				5E2070882184EA1C0084911F /* Frameworks */,
				5E2070892184EA1C0084911F /* Resources */,
			);
			buildRules = (
			);
			dependencies = (
				5E20708D2184EA1C0084911F /* PBXTargetDependency */,
			);
			name = ThePersonalTrainerClubTests;
			productName = ThePersonalTrainerClubTests;
			productReference = 5E20708B2184EA1C0084911F /* ThePersonalTrainerClubTests.xctest */;
			productType = "com.apple.product-type.bundle.unit-test";
		};
		5E2070952184EA1C0084911F /* ThePersonalTrainerClubUITests */ = {
			isa = PBXNativeTarget;
			buildConfigurationList = 5E2070A52184EA1C0084911F /* Build configuration list for PBXNativeTarget "ThePersonalTrainerClubUITests" */;
			buildPhases = (
				5E2070922184EA1C0084911F /* Sources */,
				5E2070932184EA1C0084911F /* Frameworks */,
				5E2070942184EA1C0084911F /* Resources */,
			);
			buildRules = (
			);
			dependencies = (
				5E2070982184EA1C0084911F /* PBXTargetDependency */,
			);
			name = ThePersonalTrainerClubUITests;
			productName = ThePersonalTrainerClubUITests;
			productReference = 5E2070962184EA1C0084911F /* ThePersonalTrainerClubUITests.xctest */;
			productType = "com.apple.product-type.bundle.ui-testing";
		};
/* End PBXNativeTarget section */

/* Begin PBXProject section */
		5E20706F2184EA1A0084911F /* Project object */ = {
			isa = PBXProject;
			attributes = {
				LastSwiftUpdateCheck = 1000;
				LastUpgradeCheck = 1000;
				ORGANIZATIONNAME = eXceptionCoders;
				TargetAttributes = {
					5E2070762184EA1A0084911F = {
						CreatedOnToolsVersion = 10.0;
					};
					5E20708A2184EA1C0084911F = {
						CreatedOnToolsVersion = 10.0;
						TestTargetID = 5E2070762184EA1A0084911F;
					};
					5E2070952184EA1C0084911F = {
						CreatedOnToolsVersion = 10.0;
						TestTargetID = 5E2070762184EA1A0084911F;
					};
				};
			};
			buildConfigurationList = 5E2070722184EA1A0084911F /* Build configuration list for PBXProject "ThePersonalTrainerClub" */;
			compatibilityVersion = "Xcode 9.3";
			developmentRegion = en;
			hasScannedForEncodings = 0;
			knownRegions = (
				en,
				Base,
				es,
			);
			mainGroup = 5E20706E2184EA1A0084911F;
			productRefGroup = 5E2070782184EA1A0084911F /* Products */;
			projectDirPath = "";
			projectRoot = "";
			targets = (
				5E2070762184EA1A0084911F /* ThePersonalTrainerClub */,
				5E20708A2184EA1C0084911F /* ThePersonalTrainerClubTests */,
				5E2070952184EA1C0084911F /* ThePersonalTrainerClubUITests */,
			);
		};
/* End PBXProject section */

/* Begin PBXResourcesBuildPhase section */
		5E2070752184EA1A0084911F /* Resources */ = {
			isa = PBXResourcesBuildPhase;
			buildActionMask = 2147483647;
			files = (
				63FB2E8321A1F7A3006E0320 /* LocationStripView.xib in Resources */,
				63FB2E7B21A1EE48006E0320 /* LocationStripCell.xib in Resources */,
				5E977F5D21B1623D00DD6E50 /* ClassStripView.xib in Resources */,
				5EBC1C0A219205AE00BCBBC7 /* LoginViewController.xib in Resources */,
				63FB2E7621A19AB5006E0320 /* ActivityStripCell.xib in Resources */,
				5E2070852184EA1B0084911F /* LaunchScreen.storyboard in Resources */,
				63FB2E6E21A0A6F7006E0320 /* ActivityStripView.xib in Resources */,
				5E92C2D921AC7FDB00699A37 /* AddSportViewController.xib in Resources */,
				6373042121984EE600E726E2 /* NewClassViewController.xib in Resources */,
				5E63349921A32E83007DD6AD /* Localizable.strings in Resources */,
				5E2070822184EA1B0084911F /* Assets.xcassets in Resources */,
				6373042921984F4800E726E2 /* TrainerManagementViewController.xib in Resources */,
				633D77DE21AAEC8800A6FEE1 /* UserSettingsViewController.xib in Resources */,
				5E92C2CD21A834CA00699A37 /* TypeSelectionViewController.xib in Resources */,
				5EDB09452194CCDE0000A280 /* RegisterViewController.xib in Resources */,
				637304062198461C00E726E2 /* TrainerDashboardViewController.xib in Resources */,
				5E977F5921B1620300DD6E50 /* ClassStripCell.xib in Resources */,
				5E92C2E321AC802200699A37 /* AddLocationViewController.xib in Resources */,
			);
			runOnlyForDeploymentPostprocessing = 0;
		};
		5E2070892184EA1C0084911F /* Resources */ = {
			isa = PBXResourcesBuildPhase;
			buildActionMask = 2147483647;
			files = (
			);
			runOnlyForDeploymentPostprocessing = 0;
		};
		5E2070942184EA1C0084911F /* Resources */ = {
			isa = PBXResourcesBuildPhase;
			buildActionMask = 2147483647;
			files = (
			);
			runOnlyForDeploymentPostprocessing = 0;
		};
/* End PBXResourcesBuildPhase section */

/* Begin PBXSourcesBuildPhase section */
		5E2070732184EA1A0084911F /* Sources */ = {
			isa = PBXSourcesBuildPhase;
			buildActionMask = 2147483647;
			files = (
				630524F721974D0A004C4179 /* RegisterUseCase.swift in Sources */,
				633D77E021AAEF2000A6FEE1 /* UserSettingsViewContract.swift in Sources */,
				5EDB093A2194423C0000A280 /* LoginEntity.swift in Sources */,
				5EDB09512194D0210000A280 /* LoginViewNavigator.swift in Sources */,
				5EDB093F21944CFD0000A280 /* LoginModel.swift in Sources */,
				633D77DD21AAEC8800A6FEE1 /* UserSettingsViewController.swift in Sources */,
				5E92C2E721AC804300699A37 /* AddLocationViewPresenter.swift in Sources */,
				5EDB094F2194CF950000A280 /* UIViewControllerExtension.swift in Sources */,
				6373043321985BAE00E726E2 /* ActivityModel.swift in Sources */,
				630524F921974E20004C4179 /* RegisterEntity.swift in Sources */,
				63FB2E7521A19AB5006E0320 /* ActivityStripCell.swift in Sources */,
				5EDB093D21944BC10000A280 /* LoginProvider.swift in Sources */,
				6373042021984EE600E726E2 /* NewClassViewController.swift in Sources */,
				5E92C2CF21A8362400699A37 /* TypeSelectionViewPresenter.swift in Sources */,
				637304412198697800E726E2 /* SportEntity.swift in Sources */,
				6373043D21985F1900E726E2 /* UserEntity.swift in Sources */,
				6373042821984F4800E726E2 /* TrainerManagementViewController.swift in Sources */,
				6373041121984DD800E726E2 /* TrainerManagementViewNavigator.swift in Sources */,
				5E977F4C21B03D9400DD6E50 /* SetSportRequest.swift in Sources */,
				633DA1CB21989D1D00BA028C /* ClassEntity.swift in Sources */,
				6373042B2198506E00E726E2 /* ClassModel.swift in Sources */,
				6373043721985D4500E726E2 /* TrainerManagementUseCase.swift in Sources */,
				637304082198467900E726E2 /* BaseTabBarViewController.swift in Sources */,
				5EDB094D2194CDE50000A280 /* RegisterViewContract.swift in Sources */,
				5E92C2E921AC804F00699A37 /* AddLocationViewContract.swift in Sources */,
				5EFB9E10219B495C00D37E6E /* DefaultButton.swift in Sources */,
				5E977F3D21AF257D00DD6E50 /* UIViewExtension.swift in Sources */,
				5EBC1C1B21932A3300BCBBC7 /* BaseViewContract.swift in Sources */,
				6373043B21985DCB00E726E2 /* UserProvider.swift in Sources */,
				5E977F5821B1620300DD6E50 /* ClassStripCell.swift in Sources */,
				5EDB09552194D5080000A280 /* UIColorExtension.swift in Sources */,
				63FB2E5F21A09FD4006E0320 /* Date+Utils.swift in Sources */,
				63FB2E6921A0A465006E0320 /* ActivityStripLayout.swift in Sources */,
				5E977F6121B1F63B00DD6E50 /* FindAthleteClassesUseCase.swift in Sources */,
				63FB2E6721A0A07A006E0320 /* UICollectionView+Reusable.swift in Sources */,
				63FB2E6121A09FF9006E0320 /* DateFormatter+Utils.swift in Sources */,
				63FB2E8121A1F786006E0320 /* LocationStripView.swift in Sources */,
				5E92C2EB21AC805D00699A37 /* AddLocationViewNavigator.swift in Sources */,
				637303FC219843BA00E726E2 /* TrainerDashboardViewPresenter.swift in Sources */,
				5E977F5021B0406400DD6E50 /* SetActivityUseCase.swift in Sources */,
				5EBC1C202193346600BCBBC7 /* Endpoint.swift in Sources */,
				63FB2E6321A0A01C006E0320 /* NibLoadableView.swift in Sources */,
				6373043F2198608500E726E2 /* LocationEntity.swift in Sources */,
				5E92C2CC21A834CA00699A37 /* TypeSelectionViewController.swift in Sources */,
				6373042D219850F700E726E2 /* ClassProvider.swift in Sources */,
				5E977F5F21B1624900DD6E50 /* ClassStripView.swift in Sources */,
				6373041D21984EBA00E726E2 /* NewClassViewPresenter.swift in Sources */,
				633D77E221AAEF3400A6FEE1 /* UserSettingsViewNavigator.swift in Sources */,
				5EBC1C1721932A0500BCBBC7 /* BaseViewController.swift in Sources */,
				637303FA219843A400E726E2 /* TrainerDashboardViewNavigator.swift in Sources */,
				5EBC1C1E2193340500BCBBC7 /* WebService.swift in Sources */,
				5EBC1C14219327E500BCBBC7 /* LoginViewContract.swift in Sources */,
				5E92C2D821AC7FDB00699A37 /* AddSportViewController.swift in Sources */,
				633DA1CD2198A42C00BA028C /* UserModel.swift in Sources */,
				6373041B21984EA800E726E2 /* NewClassViewNavigator.swift in Sources */,
				6373040D21984DA300E726E2 /* TrainerManagementViewContract.swift in Sources */,
				637304312198531C00E726E2 /* NewClassUseCase.swift in Sources */,
				63FB2E7A21A1EE48006E0320 /* LocationStripCell.swift in Sources */,
				5EBC1C1921932A1300BCBBC7 /* BaseViewPresenter.swift in Sources */,
				5E977F6321B267C100DD6E50 /* LocationProvider.swift in Sources */,
				630524FB21974E75004C4179 /* BaseResponse.swift in Sources */,
				630524FF21978B4B004C4179 /* RegisterProvider.swift in Sources */,
				633D77E621AB569C00A6FEE1 /* NewClassModel.swift in Sources */,
				5E92C2ED21AC807200699A37 /* AddSportViewPresenter.swift in Sources */,
				633E8EAE21A4C10B00A95C3B /* ImageDownloader.swift in Sources */,
				637304052198461C00E726E2 /* TrainerDashboardViewController.swift in Sources */,
				637303FE219843D800E726E2 /* TrainerDashboardViewContract.swift in Sources */,
				637303F721983F7F00E726E2 /* UserSettings.swift in Sources */,
				5E92C2F121AC808700699A37 /* AddSportViewNavigator.swift in Sources */,
				6373040F21984DBD00E726E2 /* TrainerManagementViewPresenter.swift in Sources */,
				5E977F4821AFF1B600DD6E50 /* ActivityUseCase.swift in Sources */,
				5E92C2E221AC802200699A37 /* AddLocationViewController.swift in Sources */,
				63FB2E7F21A1F681006E0320 /* LocationStipLayout.swift in Sources */,
				5E977F4E21B03E7F00DD6E50 /* SetActivitiesModel.swift in Sources */,
				5E92C2EF21AC807D00699A37 /* AddSportViewContract.swift in Sources */,
				5EDB09442194CCDE0000A280 /* RegisterViewController.swift in Sources */,
				5E92C2D321A8364400699A37 /* TypeSelectionViewNavigator.swift in Sources */,
				5EBC1C09219205AE00BCBBC7 /* LoginViewController.swift in Sources */,
				5E977F5B21B1621000DD6E50 /* ClassStripLayout.swift in Sources */,
				63FB2E6521A0A04E006E0320 /* UITableView+Reusable.swift in Sources */,
				6373043921985DB100E726E2 /* ActivityProvider.swift in Sources */,
				5EDB09472194CD460000A280 /* RegisterViewNavigator.swift in Sources */,
				63FB2E5D21A09FAF006E0320 /* ReusableView.swift in Sources */,
				6373041921984E9B00E726E2 /* NewClassViewContract.swift in Sources */,
				5E977F4A21B03CC100DD6E50 /* SetActivitiesProvider.swift in Sources */,
				5E20707B2184EA1A0084911F /* AppDelegate.swift in Sources */,
				6373042F2198510D00E726E2 /* NewClassEntity.swift in Sources */,
				5EDB094121944F340000A280 /* LoginUseCase.swift in Sources */,
				5EDB094B2194CDDA0000A280 /* RegisterViewPresenter.swift in Sources */,
				630524F521974C8C004C4179 /* RegisterModel.swift in Sources */,
				5EBC1C122193277A00BCBBC7 /* LoginViewPresenter.swift in Sources */,
				633D77E421AAEF4400A6FEE1 /* UserSettingsViewPresenter.swift in Sources */,
				5E92C2D121A8363700699A37 /* TypeSelectionViewContract.swift in Sources */,
				63FB2E7021A0A710006E0320 /* ActivityStripView.swift in Sources */,
				6373043521985BC700E726E2 /* LocationModel.swift in Sources */,
			);
			runOnlyForDeploymentPostprocessing = 0;
		};
		5E2070872184EA1C0084911F /* Sources */ = {
			isa = PBXSourcesBuildPhase;
			buildActionMask = 2147483647;
			files = (
				5E2070902184EA1C0084911F /* ThePersonalTrainerClubTests.swift in Sources */,
			);
			runOnlyForDeploymentPostprocessing = 0;
		};
		5E2070922184EA1C0084911F /* Sources */ = {
			isa = PBXSourcesBuildPhase;
			buildActionMask = 2147483647;
			files = (
				5E20709B2184EA1C0084911F /* ThePersonalTrainerClubUITests.swift in Sources */,
			);
			runOnlyForDeploymentPostprocessing = 0;
		};
/* End PBXSourcesBuildPhase section */

/* Begin PBXTargetDependency section */
		5E20708D2184EA1C0084911F /* PBXTargetDependency */ = {
			isa = PBXTargetDependency;
			target = 5E2070762184EA1A0084911F /* ThePersonalTrainerClub */;
			targetProxy = 5E20708C2184EA1C0084911F /* PBXContainerItemProxy */;
		};
		5E2070982184EA1C0084911F /* PBXTargetDependency */ = {
			isa = PBXTargetDependency;
			target = 5E2070762184EA1A0084911F /* ThePersonalTrainerClub */;
			targetProxy = 5E2070972184EA1C0084911F /* PBXContainerItemProxy */;
		};
/* End PBXTargetDependency section */

/* Begin PBXVariantGroup section */
		5E2070832184EA1B0084911F /* LaunchScreen.storyboard */ = {
			isa = PBXVariantGroup;
			children = (
				5E2070842184EA1B0084911F /* Base */,
			);
			name = LaunchScreen.storyboard;
			sourceTree = "<group>";
		};
		5E63349B21A32E83007DD6AD /* Localizable.strings */ = {
			isa = PBXVariantGroup;
			children = (
				5E63349A21A32E83007DD6AD /* en */,
				5E63349C21A32E95007DD6AD /* es */,
			);
			name = Localizable.strings;
			sourceTree = "<group>";
		};
/* End PBXVariantGroup section */

/* Begin XCBuildConfiguration section */
		5E20709D2184EA1C0084911F /* Debug */ = {
			isa = XCBuildConfiguration;
			buildSettings = {
				ALWAYS_SEARCH_USER_PATHS = NO;
				CLANG_ANALYZER_LOCALIZABILITY_NONLOCALIZED = YES;
				CLANG_ANALYZER_NONNULL = YES;
				CLANG_ANALYZER_NUMBER_OBJECT_CONVERSION = YES_AGGRESSIVE;
				CLANG_CXX_LANGUAGE_STANDARD = "gnu++14";
				CLANG_CXX_LIBRARY = "libc++";
				CLANG_ENABLE_MODULES = YES;
				CLANG_ENABLE_OBJC_ARC = YES;
				CLANG_ENABLE_OBJC_WEAK = YES;
				CLANG_WARN_BLOCK_CAPTURE_AUTORELEASING = YES;
				CLANG_WARN_BOOL_CONVERSION = YES;
				CLANG_WARN_COMMA = YES;
				CLANG_WARN_CONSTANT_CONVERSION = YES;
				CLANG_WARN_DEPRECATED_OBJC_IMPLEMENTATIONS = YES;
				CLANG_WARN_DIRECT_OBJC_ISA_USAGE = YES_ERROR;
				CLANG_WARN_DOCUMENTATION_COMMENTS = YES;
				CLANG_WARN_EMPTY_BODY = YES;
				CLANG_WARN_ENUM_CONVERSION = YES;
				CLANG_WARN_INFINITE_RECURSION = YES;
				CLANG_WARN_INT_CONVERSION = YES;
				CLANG_WARN_NON_LITERAL_NULL_CONVERSION = YES;
				CLANG_WARN_OBJC_IMPLICIT_RETAIN_SELF = YES;
				CLANG_WARN_OBJC_LITERAL_CONVERSION = YES;
				CLANG_WARN_OBJC_ROOT_CLASS = YES_ERROR;
				CLANG_WARN_RANGE_LOOP_ANALYSIS = YES;
				CLANG_WARN_STRICT_PROTOTYPES = YES;
				CLANG_WARN_SUSPICIOUS_MOVE = YES;
				CLANG_WARN_UNGUARDED_AVAILABILITY = YES_AGGRESSIVE;
				CLANG_WARN_UNREACHABLE_CODE = YES;
				CLANG_WARN__DUPLICATE_METHOD_MATCH = YES;
				CODE_SIGN_IDENTITY = "iPhone Developer";
				COPY_PHASE_STRIP = NO;
				DEBUG_INFORMATION_FORMAT = dwarf;
				ENABLE_STRICT_OBJC_MSGSEND = YES;
				ENABLE_TESTABILITY = YES;
				GCC_C_LANGUAGE_STANDARD = gnu11;
				GCC_DYNAMIC_NO_PIC = NO;
				GCC_NO_COMMON_BLOCKS = YES;
				GCC_OPTIMIZATION_LEVEL = 0;
				GCC_PREPROCESSOR_DEFINITIONS = (
					"DEBUG=1",
					"$(inherited)",
				);
				GCC_WARN_64_TO_32_BIT_CONVERSION = YES;
				GCC_WARN_ABOUT_RETURN_TYPE = YES_ERROR;
				GCC_WARN_UNDECLARED_SELECTOR = YES;
				GCC_WARN_UNINITIALIZED_AUTOS = YES_AGGRESSIVE;
				GCC_WARN_UNUSED_FUNCTION = YES;
				GCC_WARN_UNUSED_VARIABLE = YES;
				IPHONEOS_DEPLOYMENT_TARGET = 12.0;
				MTL_ENABLE_DEBUG_INFO = INCLUDE_SOURCE;
				MTL_FAST_MATH = YES;
				ONLY_ACTIVE_ARCH = YES;
				SDKROOT = iphoneos;
				SWIFT_ACTIVE_COMPILATION_CONDITIONS = DEBUG;
				SWIFT_OPTIMIZATION_LEVEL = "-Onone";
			};
			name = Debug;
		};
		5E20709E2184EA1C0084911F /* Release */ = {
			isa = XCBuildConfiguration;
			buildSettings = {
				ALWAYS_SEARCH_USER_PATHS = NO;
				CLANG_ANALYZER_LOCALIZABILITY_NONLOCALIZED = YES;
				CLANG_ANALYZER_NONNULL = YES;
				CLANG_ANALYZER_NUMBER_OBJECT_CONVERSION = YES_AGGRESSIVE;
				CLANG_CXX_LANGUAGE_STANDARD = "gnu++14";
				CLANG_CXX_LIBRARY = "libc++";
				CLANG_ENABLE_MODULES = YES;
				CLANG_ENABLE_OBJC_ARC = YES;
				CLANG_ENABLE_OBJC_WEAK = YES;
				CLANG_WARN_BLOCK_CAPTURE_AUTORELEASING = YES;
				CLANG_WARN_BOOL_CONVERSION = YES;
				CLANG_WARN_COMMA = YES;
				CLANG_WARN_CONSTANT_CONVERSION = YES;
				CLANG_WARN_DEPRECATED_OBJC_IMPLEMENTATIONS = YES;
				CLANG_WARN_DIRECT_OBJC_ISA_USAGE = YES_ERROR;
				CLANG_WARN_DOCUMENTATION_COMMENTS = YES;
				CLANG_WARN_EMPTY_BODY = YES;
				CLANG_WARN_ENUM_CONVERSION = YES;
				CLANG_WARN_INFINITE_RECURSION = YES;
				CLANG_WARN_INT_CONVERSION = YES;
				CLANG_WARN_NON_LITERAL_NULL_CONVERSION = YES;
				CLANG_WARN_OBJC_IMPLICIT_RETAIN_SELF = YES;
				CLANG_WARN_OBJC_LITERAL_CONVERSION = YES;
				CLANG_WARN_OBJC_ROOT_CLASS = YES_ERROR;
				CLANG_WARN_RANGE_LOOP_ANALYSIS = YES;
				CLANG_WARN_STRICT_PROTOTYPES = YES;
				CLANG_WARN_SUSPICIOUS_MOVE = YES;
				CLANG_WARN_UNGUARDED_AVAILABILITY = YES_AGGRESSIVE;
				CLANG_WARN_UNREACHABLE_CODE = YES;
				CLANG_WARN__DUPLICATE_METHOD_MATCH = YES;
				CODE_SIGN_IDENTITY = "iPhone Developer";
				COPY_PHASE_STRIP = NO;
				DEBUG_INFORMATION_FORMAT = "dwarf-with-dsym";
				ENABLE_NS_ASSERTIONS = NO;
				ENABLE_STRICT_OBJC_MSGSEND = YES;
				GCC_C_LANGUAGE_STANDARD = gnu11;
				GCC_NO_COMMON_BLOCKS = YES;
				GCC_WARN_64_TO_32_BIT_CONVERSION = YES;
				GCC_WARN_ABOUT_RETURN_TYPE = YES_ERROR;
				GCC_WARN_UNDECLARED_SELECTOR = YES;
				GCC_WARN_UNINITIALIZED_AUTOS = YES_AGGRESSIVE;
				GCC_WARN_UNUSED_FUNCTION = YES;
				GCC_WARN_UNUSED_VARIABLE = YES;
				IPHONEOS_DEPLOYMENT_TARGET = 12.0;
				MTL_ENABLE_DEBUG_INFO = NO;
				MTL_FAST_MATH = YES;
				SDKROOT = iphoneos;
				SWIFT_COMPILATION_MODE = wholemodule;
				SWIFT_OPTIMIZATION_LEVEL = "-O";
				VALIDATE_PRODUCT = YES;
			};
			name = Release;
		};
		5E2070A02184EA1C0084911F /* Debug */ = {
			isa = XCBuildConfiguration;
			buildSettings = {
				ASSETCATALOG_COMPILER_APPICON_NAME = AppIcon;
				CODE_SIGN_STYLE = Automatic;
				DEVELOPMENT_TEAM = 4GQ2929676;
				INFOPLIST_FILE = ThePersonalTrainerClub/Info.plist;
				LD_RUNPATH_SEARCH_PATHS = (
					"$(inherited)",
					"@executable_path/Frameworks",
				);
				PRODUCT_BUNDLE_IDENTIFIER = es.eXceptionCoders.ThePersonalTrainerClub;
				PRODUCT_NAME = "$(TARGET_NAME)";
				SWIFT_VERSION = 4.2;
				TARGETED_DEVICE_FAMILY = "1,2";
			};
			name = Debug;
		};
		5E2070A12184EA1C0084911F /* Release */ = {
			isa = XCBuildConfiguration;
			buildSettings = {
				ASSETCATALOG_COMPILER_APPICON_NAME = AppIcon;
				CODE_SIGN_STYLE = Automatic;
				DEVELOPMENT_TEAM = 4GQ2929676;
				INFOPLIST_FILE = ThePersonalTrainerClub/Info.plist;
				LD_RUNPATH_SEARCH_PATHS = (
					"$(inherited)",
					"@executable_path/Frameworks",
				);
				PRODUCT_BUNDLE_IDENTIFIER = es.eXceptionCoders.ThePersonalTrainerClub;
				PRODUCT_NAME = "$(TARGET_NAME)";
				SWIFT_VERSION = 4.2;
				TARGETED_DEVICE_FAMILY = "1,2";
			};
			name = Release;
		};
		5E2070A32184EA1C0084911F /* Debug */ = {
			isa = XCBuildConfiguration;
			buildSettings = {
				ALWAYS_EMBED_SWIFT_STANDARD_LIBRARIES = YES;
				BUNDLE_LOADER = "$(TEST_HOST)";
				CODE_SIGN_STYLE = Automatic;
				INFOPLIST_FILE = ThePersonalTrainerClubTests/Info.plist;
				LD_RUNPATH_SEARCH_PATHS = (
					"$(inherited)",
					"@executable_path/Frameworks",
					"@loader_path/Frameworks",
				);
				PRODUCT_BUNDLE_IDENTIFIER = es.eXceptionCoders.ThePersonalTrainerClubTests;
				PRODUCT_NAME = "$(TARGET_NAME)";
				SWIFT_VERSION = 4.2;
				TARGETED_DEVICE_FAMILY = "1,2";
				TEST_HOST = "$(BUILT_PRODUCTS_DIR)/ThePersonalTrainerClub.app/ThePersonalTrainerClub";
			};
			name = Debug;
		};
		5E2070A42184EA1C0084911F /* Release */ = {
			isa = XCBuildConfiguration;
			buildSettings = {
				ALWAYS_EMBED_SWIFT_STANDARD_LIBRARIES = YES;
				BUNDLE_LOADER = "$(TEST_HOST)";
				CODE_SIGN_STYLE = Automatic;
				INFOPLIST_FILE = ThePersonalTrainerClubTests/Info.plist;
				LD_RUNPATH_SEARCH_PATHS = (
					"$(inherited)",
					"@executable_path/Frameworks",
					"@loader_path/Frameworks",
				);
				PRODUCT_BUNDLE_IDENTIFIER = es.eXceptionCoders.ThePersonalTrainerClubTests;
				PRODUCT_NAME = "$(TARGET_NAME)";
				SWIFT_VERSION = 4.2;
				TARGETED_DEVICE_FAMILY = "1,2";
				TEST_HOST = "$(BUILT_PRODUCTS_DIR)/ThePersonalTrainerClub.app/ThePersonalTrainerClub";
			};
			name = Release;
		};
		5E2070A62184EA1C0084911F /* Debug */ = {
			isa = XCBuildConfiguration;
			buildSettings = {
				ALWAYS_EMBED_SWIFT_STANDARD_LIBRARIES = YES;
				CODE_SIGN_STYLE = Automatic;
				INFOPLIST_FILE = ThePersonalTrainerClubUITests/Info.plist;
				LD_RUNPATH_SEARCH_PATHS = (
					"$(inherited)",
					"@executable_path/Frameworks",
					"@loader_path/Frameworks",
				);
				PRODUCT_BUNDLE_IDENTIFIER = es.eXceptionCoders.ThePersonalTrainerClubUITests;
				PRODUCT_NAME = "$(TARGET_NAME)";
				SWIFT_VERSION = 4.2;
				TARGETED_DEVICE_FAMILY = "1,2";
				TEST_TARGET_NAME = ThePersonalTrainerClub;
			};
			name = Debug;
		};
		5E2070A72184EA1C0084911F /* Release */ = {
			isa = XCBuildConfiguration;
			buildSettings = {
				ALWAYS_EMBED_SWIFT_STANDARD_LIBRARIES = YES;
				CODE_SIGN_STYLE = Automatic;
				INFOPLIST_FILE = ThePersonalTrainerClubUITests/Info.plist;
				LD_RUNPATH_SEARCH_PATHS = (
					"$(inherited)",
					"@executable_path/Frameworks",
					"@loader_path/Frameworks",
				);
				PRODUCT_BUNDLE_IDENTIFIER = es.eXceptionCoders.ThePersonalTrainerClubUITests;
				PRODUCT_NAME = "$(TARGET_NAME)";
				SWIFT_VERSION = 4.2;
				TARGETED_DEVICE_FAMILY = "1,2";
				TEST_TARGET_NAME = ThePersonalTrainerClub;
			};
			name = Release;
		};
/* End XCBuildConfiguration section */

/* Begin XCConfigurationList section */
		5E2070722184EA1A0084911F /* Build configuration list for PBXProject "ThePersonalTrainerClub" */ = {
			isa = XCConfigurationList;
			buildConfigurations = (
				5E20709D2184EA1C0084911F /* Debug */,
				5E20709E2184EA1C0084911F /* Release */,
			);
			defaultConfigurationIsVisible = 0;
			defaultConfigurationName = Release;
		};
		5E20709F2184EA1C0084911F /* Build configuration list for PBXNativeTarget "ThePersonalTrainerClub" */ = {
			isa = XCConfigurationList;
			buildConfigurations = (
				5E2070A02184EA1C0084911F /* Debug */,
				5E2070A12184EA1C0084911F /* Release */,
			);
			defaultConfigurationIsVisible = 0;
			defaultConfigurationName = Release;
		};
		5E2070A22184EA1C0084911F /* Build configuration list for PBXNativeTarget "ThePersonalTrainerClubTests" */ = {
			isa = XCConfigurationList;
			buildConfigurations = (
				5E2070A32184EA1C0084911F /* Debug */,
				5E2070A42184EA1C0084911F /* Release */,
			);
			defaultConfigurationIsVisible = 0;
			defaultConfigurationName = Release;
		};
		5E2070A52184EA1C0084911F /* Build configuration list for PBXNativeTarget "ThePersonalTrainerClubUITests" */ = {
			isa = XCConfigurationList;
			buildConfigurations = (
				5E2070A62184EA1C0084911F /* Debug */,
				5E2070A72184EA1C0084911F /* Release */,
			);
			defaultConfigurationIsVisible = 0;
			defaultConfigurationName = Release;
		};
/* End XCConfigurationList section */
	};
	rootObject = 5E20706F2184EA1A0084911F /* Project object */;
}
